
Microsoft Visual Studio Solution File, Format Version 12.00
# Visual Studio Version 16
VisualStudioVersion = 16.0.29613.14
MinimumVisualStudioVersion = 10.0.40219.1
Project("{FAE04EC0-301F-11D3-BF4B-00C04F79EFBC}") = "Exercicio 1", "Exercicio 1\Exercicio 1.csproj", "{EBADA7DC-90D8-4A59-AE41-50DB34399A33}"
EndProject
Global
	GlobalSection(SolutionConfigurationPlatforms) = preSolution
		Debug|Any CPU = Debug|Any CPU
		Release|Any CPU = Release|Any CPU
	EndGlobalSection
	GlobalSection(ProjectConfigurationPlatforms) = postSolution
		{EBADA7DC-90D8-4A59-AE41-50DB34399A33}.Debug|Any CPU.ActiveCfg = Debug|Any CPU
		{EBADA7DC-90D8-4A59-AE41-50DB34399A33}.Debug|Any CPU.Build.0 = Debug|Any CPU
		{EBADA7DC-90D8-4A59-AE41-50DB34399A33}.Release|Any CPU.ActiveCfg = Release|Any CPU
		{EBADA7DC-90D8-4A59-AE41-50DB34399A33}.Release|Any CPU.Build.0 = Release|Any CPU
	EndGlobalSection
	GlobalSection(SolutionProperties) = preSolution
		HideSolutionNode = FALSE
	EndGlobalSection
	GlobalSection(ExtensibilityGlobals) = postSolution
		SolutionGuid = {5A5B794A-8A63-48A3-AAF2-75E001BE9D21}
	EndGlobalSection
EndGlobal
